// !$*UTF8*$!
{
	archiveVersion = 1;
	classes = {
	};
	objectVersion = 51;
	objects = {

/* Begin PBXBuildFile section */
		2B1838142617DD1200418B2C /* Extensions.swift in Sources */ = {isa = PBXBuildFile; fileRef = 2B1838132617DD1200418B2C /* Extensions.swift */; };
		2B1838282619397500418B2C /* GoogleService-Info.plist in Resources */ = {isa = PBXBuildFile; fileRef = 2B1838272619397500418B2C /* GoogleService-Info.plist */; };
		2B18382E26194C3200418B2C /* DatabaseManager.swift in Sources */ = {isa = PBXBuildFile; fileRef = 2B18382D26194C3200418B2C /* DatabaseManager.swift */; };
		2B9C94F4261F563700B16312 /* ConversationTableViewCell.swift in Sources */ = {isa = PBXBuildFile; fileRef = 2B9C94F3261F563600B16312 /* ConversationTableViewCell.swift */; };
		2BB061092617AF9100DCD289 /* AppDelegate.swift in Sources */ = {isa = PBXBuildFile; fileRef = 2BB061082617AF9100DCD289 /* AppDelegate.swift */; };
		2BB0610B2617AF9100DCD289 /* SceneDelegate.swift in Sources */ = {isa = PBXBuildFile; fileRef = 2BB0610A2617AF9100DCD289 /* SceneDelegate.swift */; };
		2BB0610D2617AF9100DCD289 /* ConversationsViewController.swift in Sources */ = {isa = PBXBuildFile; fileRef = 2BB0610C2617AF9100DCD289 /* ConversationsViewController.swift */; };
		2BB061102617AF9100DCD289 /* Main.storyboard in Resources */ = {isa = PBXBuildFile; fileRef = 2BB0610E2617AF9100DCD289 /* Main.storyboard */; };
		2BB061122617AF9500DCD289 /* Assets.xcassets in Resources */ = {isa = PBXBuildFile; fileRef = 2BB061112617AF9500DCD289 /* Assets.xcassets */; };
		2BB061152617AF9500DCD289 /* LaunchScreen.storyboard in Resources */ = {isa = PBXBuildFile; fileRef = 2BB061132617AF9500DCD289 /* LaunchScreen.storyboard */; };
		2BB061252617B3F400DCD289 /* LoginViewController.swift in Sources */ = {isa = PBXBuildFile; fileRef = 2BB061242617B3F400DCD289 /* LoginViewController.swift */; };
		2BB061282617B40F00DCD289 /* RegisterViewController.swift in Sources */ = {isa = PBXBuildFile; fileRef = 2BB061272617B40F00DCD289 /* RegisterViewController.swift */; };
		2BB0612B2617B43900DCD289 /* PhotoViewerViewController.swift in Sources */ = {isa = PBXBuildFile; fileRef = 2BB0612A2617B43900DCD289 /* PhotoViewerViewController.swift */; };
		2BB0612E2617B45B00DCD289 /* VideoPlayerViewController.swift in Sources */ = {isa = PBXBuildFile; fileRef = 2BB0612D2617B45B00DCD289 /* VideoPlayerViewController.swift */; };
		2BB061312617BDA300DCD289 /* NewConversationViewController.swift in Sources */ = {isa = PBXBuildFile; fileRef = 2BB061302617BDA300DCD289 /* NewConversationViewController.swift */; };
		2BB061342617BDC000DCD289 /* ProfileViewController.swift in Sources */ = {isa = PBXBuildFile; fileRef = 2BB061332617BDC000DCD289 /* ProfileViewController.swift */; };
		2BC9858F261CBAD2008C38C6 /* ChatViewController.swift in Sources */ = {isa = PBXBuildFile; fileRef = 2BC9858E261CBAD2008C38C6 /* ChatViewController.swift */; };
		2BC985AE261CCDF8008C38C6 /* StorageManager.swift in Sources */ = {isa = PBXBuildFile; fileRef = 2BC985AD261CCDF8008C38C6 /* StorageManager.swift */; };
		48067E9809ED0531581DB410 /* Pods_HelloMessage.framework in Frameworks */ = {isa = PBXBuildFile; fileRef = 6DC1BB489B89D6FC47299AE1 /* Pods_HelloMessage.framework */; };
/* End PBXBuildFile section */

/* Begin PBXFileReference section */
		2B1838132617DD1200418B2C /* Extensions.swift */ = {isa = PBXFileReference; lastKnownFileType = sourcecode.swift; path = Extensions.swift; sourceTree = "<group>"; };
		2B1838272619397500418B2C /* GoogleService-Info.plist */ = {isa = PBXFileReference; fileEncoding = 4; lastKnownFileType = text.plist.xml; path = "GoogleService-Info.plist"; sourceTree = "<group>"; };
		2B18382D26194C3200418B2C /* DatabaseManager.swift */ = {isa = PBXFileReference; lastKnownFileType = sourcecode.swift; path = DatabaseManager.swift; sourceTree = "<group>"; };
		2B9C94F3261F563600B16312 /* ConversationTableViewCell.swift */ = {isa = PBXFileReference; lastKnownFileType = sourcecode.swift; path = ConversationTableViewCell.swift; sourceTree = "<group>"; };
		2BB061052617AF9100DCD289 /* HelloMessage.app */ = {isa = PBXFileReference; explicitFileType = wrapper.application; includeInIndex = 0; path = HelloMessage.app; sourceTree = BUILT_PRODUCTS_DIR; };
		2BB061082617AF9100DCD289 /* AppDelegate.swift */ = {isa = PBXFileReference; lastKnownFileType = sourcecode.swift; path = AppDelegate.swift; sourceTree = "<group>"; };
		2BB0610A2617AF9100DCD289 /* SceneDelegate.swift */ = {isa = PBXFileReference; lastKnownFileType = sourcecode.swift; path = SceneDelegate.swift; sourceTree = "<group>"; };
		2BB0610C2617AF9100DCD289 /* ConversationsViewController.swift */ = {isa = PBXFileReference; lastKnownFileType = sourcecode.swift; path = ConversationsViewController.swift; sourceTree = "<group>"; };
		2BB0610F2617AF9100DCD289 /* Base */ = {isa = PBXFileReference; lastKnownFileType = file.storyboard; name = Base; path = Base.lproj/Main.storyboard; sourceTree = "<group>"; };
		2BB061112617AF9500DCD289 /* Assets.xcassets */ = {isa = PBXFileReference; lastKnownFileType = folder.assetcatalog; path = Assets.xcassets; sourceTree = "<group>"; };
		2BB061142617AF9500DCD289 /* Base */ = {isa = PBXFileReference; lastKnownFileType = file.storyboard; name = Base; path = Base.lproj/LaunchScreen.storyboard; sourceTree = "<group>"; };
		2BB061162617AF9500DCD289 /* Info.plist */ = {isa = PBXFileReference; lastKnownFileType = text.plist.xml; path = Info.plist; sourceTree = "<group>"; };
		2BB061242617B3F400DCD289 /* LoginViewController.swift */ = {isa = PBXFileReference; lastKnownFileType = sourcecode.swift; path = LoginViewController.swift; sourceTree = "<group>"; };
		2BB061272617B40F00DCD289 /* RegisterViewController.swift */ = {isa = PBXFileReference; lastKnownFileType = sourcecode.swift; path = RegisterViewController.swift; sourceTree = "<group>"; };
		2BB0612A2617B43900DCD289 /* PhotoViewerViewController.swift */ = {isa = PBXFileReference; lastKnownFileType = sourcecode.swift; path = PhotoViewerViewController.swift; sourceTree = "<group>"; };
		2BB0612D2617B45B00DCD289 /* VideoPlayerViewController.swift */ = {isa = PBXFileReference; lastKnownFileType = sourcecode.swift; path = VideoPlayerViewController.swift; sourceTree = "<group>"; };
		2BB061302617BDA300DCD289 /* NewConversationViewController.swift */ = {isa = PBXFileReference; lastKnownFileType = sourcecode.swift; path = NewConversationViewController.swift; sourceTree = "<group>"; };
		2BB061332617BDC000DCD289 /* ProfileViewController.swift */ = {isa = PBXFileReference; lastKnownFileType = sourcecode.swift; path = ProfileViewController.swift; sourceTree = "<group>"; };
		2BC9858E261CBAD2008C38C6 /* ChatViewController.swift */ = {isa = PBXFileReference; lastKnownFileType = sourcecode.swift; path = ChatViewController.swift; sourceTree = "<group>"; };
		2BC985AD261CCDF8008C38C6 /* StorageManager.swift */ = {isa = PBXFileReference; lastKnownFileType = sourcecode.swift; path = StorageManager.swift; sourceTree = "<group>"; };
		69528DA66F1425661EE8C64A /* Pods-HelloMessage.debug.xcconfig */ = {isa = PBXFileReference; includeInIndex = 1; lastKnownFileType = text.xcconfig; name = "Pods-HelloMessage.debug.xcconfig"; path = "Target Support Files/Pods-HelloMessage/Pods-HelloMessage.debug.xcconfig"; sourceTree = "<group>"; };
		6A567991F6B2DB3E7779A8F9 /* Pods-HelloMessage.release.xcconfig */ = {isa = PBXFileReference; includeInIndex = 1; lastKnownFileType = text.xcconfig; name = "Pods-HelloMessage.release.xcconfig"; path = "Target Support Files/Pods-HelloMessage/Pods-HelloMessage.release.xcconfig"; sourceTree = "<group>"; };
		6DC1BB489B89D6FC47299AE1 /* Pods_HelloMessage.framework */ = {isa = PBXFileReference; explicitFileType = wrapper.framework; includeInIndex = 0; path = Pods_HelloMessage.framework; sourceTree = BUILT_PRODUCTS_DIR; };
/* End PBXFileReference section */

/* Begin PBXFrameworksBuildPhase section */
		2BB061022617AF9100DCD289 /* Frameworks */ = {
			isa = PBXFrameworksBuildPhase;
			buildActionMask = 2147483647;
			files = (
				48067E9809ED0531581DB410 /* Pods_HelloMessage.framework in Frameworks */,
			);
			runOnlyForDeploymentPostprocessing = 0;
		};
/* End PBXFrameworksBuildPhase section */

/* Begin PBXGroup section */
		2BB060FC2617AF9100DCD289 = {
			isa = PBXGroup;
			children = (
				2BB061072617AF9100DCD289 /* HelloMessage */,
				2BB061062617AF9100DCD289 /* Products */,
				442D89D2F982624CE2FADDC7 /* Pods */,
				FD98F44DD37D8CA6EFE61755 /* Frameworks */,
			);
			sourceTree = "<group>";
		};
		2BB061062617AF9100DCD289 /* Products */ = {
			isa = PBXGroup;
			children = (
				2BB061052617AF9100DCD289 /* HelloMessage.app */,
			);
			name = Products;
			sourceTree = "<group>";
		};
		2BB061072617AF9100DCD289 /* HelloMessage */ = {
			isa = PBXGroup;
			children = (
				2BB061212617B14E00DCD289 /* Resources */,
				2BB061202617B14100DCD289 /* ViewModels */,
				2BB0611F2617B13C00DCD289 /* Models */,
				2BB0611E2617B13300DCD289 /* Views */,
				2BB0611D2617B11E00DCD289 /* Controllers */,
				2BB061162617AF9500DCD289 /* Info.plist */,
				2B1838272619397500418B2C /* GoogleService-Info.plist */,
			);
			path = HelloMessage;
			sourceTree = "<group>";
		};
		2BB0611D2617B11E00DCD289 /* Controllers */ = {
			isa = PBXGroup;
			children = (
				2BB0610C2617AF9100DCD289 /* ConversationsViewController.swift */,
				2BB061362617BF0A00DCD289 /* Login */,
				2BB0612A2617B43900DCD289 /* PhotoViewerViewController.swift */,
				2BB0612D2617B45B00DCD289 /* VideoPlayerViewController.swift */,
				2BB061302617BDA300DCD289 /* NewConversationViewController.swift */,
				2BB061332617BDC000DCD289 /* ProfileViewController.swift */,
				2BC9858E261CBAD2008C38C6 /* ChatViewController.swift */,
			);
			path = Controllers;
			sourceTree = "<group>";
		};
		2BB0611E2617B13300DCD289 /* Views */ = {
			isa = PBXGroup;
			children = (
				2BB061222617B1E400DCD289 /* Storyboards */,
				2BB061112617AF9500DCD289 /* Assets.xcassets */,
				2B9C94F3261F563600B16312 /* ConversationTableViewCell.swift */,
			);
			path = Views;
			sourceTree = "<group>";
		};
		2BB0611F2617B13C00DCD289 /* Models */ = {
			isa = PBXGroup;
			children = (
			);
			path = Models;
			sourceTree = "<group>";
		};
		2BB061202617B14100DCD289 /* ViewModels */ = {
			isa = PBXGroup;
			children = (
			);
			path = ViewModels;
			sourceTree = "<group>";
		};
		2BB061212617B14E00DCD289 /* Resources */ = {
			isa = PBXGroup;
			children = (
				2BB061082617AF9100DCD289 /* AppDelegate.swift */,
				2BB0610A2617AF9100DCD289 /* SceneDelegate.swift */,
				2B1838132617DD1200418B2C /* Extensions.swift */,
				2B18382D26194C3200418B2C /* DatabaseManager.swift */,
				2BC985AD261CCDF8008C38C6 /* StorageManager.swift */,
			);
			path = Resources;
			sourceTree = "<group>";
		};
		2BB061222617B1E400DCD289 /* Storyboards */ = {
			isa = PBXGroup;
			children = (
				2BB0610E2617AF9100DCD289 /* Main.storyboard */,
				2BB061132617AF9500DCD289 /* LaunchScreen.storyboard */,
			);
			path = Storyboards;
			sourceTree = "<group>";
		};
		2BB061362617BF0A00DCD289 /* Login */ = {
			isa = PBXGroup;
			children = (
				2BB061242617B3F400DCD289 /* LoginViewController.swift */,
				2BB061272617B40F00DCD289 /* RegisterViewController.swift */,
			);
			path = Login;
			sourceTree = "<group>";
		};
		442D89D2F982624CE2FADDC7 /* Pods */ = {
			isa = PBXGroup;
			children = (
				69528DA66F1425661EE8C64A /* Pods-HelloMessage.debug.xcconfig */,
				6A567991F6B2DB3E7779A8F9 /* Pods-HelloMessage.release.xcconfig */,
			);
			path = Pods;
			sourceTree = "<group>";
		};
		FD98F44DD37D8CA6EFE61755 /* Frameworks */ = {
			isa = PBXGroup;
			children = (
				6DC1BB489B89D6FC47299AE1 /* Pods_HelloMessage.framework */,
			);
			name = Frameworks;
			sourceTree = "<group>";
		};
/* End PBXGroup section */

/* Begin PBXNativeTarget section */
		2BB061042617AF9100DCD289 /* HelloMessage */ = {
			isa = PBXNativeTarget;
			buildConfigurationList = 2BB061192617AF9500DCD289 /* Build configuration list for PBXNativeTarget "HelloMessage" */;
			buildPhases = (
				656B0F761C9DCB321BBCCA0D /* [CP] Check Pods Manifest.lock */,
				2BB061012617AF9100DCD289 /* Sources */,
				2BB061022617AF9100DCD289 /* Frameworks */,
				2BB061032617AF9100DCD289 /* Resources */,
				AD2FC3B0D5F4CDF365697CB3 /* [CP] Embed Pods Frameworks */,
				EBF6ADAC7A4B46331B1E3778 /* [CP] Copy Pods Resources */,
			);
			buildRules = (
			);
			dependencies = (
			);
			name = HelloMessage;
			productName = HelloMessage;
			productReference = 2BB061052617AF9100DCD289 /* HelloMessage.app */;
			productType = "com.apple.product-type.application";
		};
/* End PBXNativeTarget section */

/* Begin PBXProject section */
		2BB060FD2617AF9100DCD289 /* Project object */ = {
			isa = PBXProject;
			attributes = {
				LastSwiftUpdateCheck = 1240;
				LastUpgradeCheck = 1240;
				TargetAttributes = {
					2BB061042617AF9100DCD289 = {
						CreatedOnToolsVersion = 12.4;
					};
				};
			};
			buildConfigurationList = 2BB061002617AF9100DCD289 /* Build configuration list for PBXProject "HelloMessage" */;
			compatibilityVersion = "Xcode 9.3";
			developmentRegion = en;
			hasScannedForEncodings = 0;
			knownRegions = (
				en,
				Base,
			);
			mainGroup = 2BB060FC2617AF9100DCD289;
			productRefGroup = 2BB061062617AF9100DCD289 /* Products */;
			projectDirPath = "";
			projectRoot = "";
			targets = (
				2BB061042617AF9100DCD289 /* HelloMessage */,
			);
		};
/* End PBXProject section */

/* Begin PBXResourcesBuildPhase section */
		2BB061032617AF9100DCD289 /* Resources */ = {
			isa = PBXResourcesBuildPhase;
			buildActionMask = 2147483647;
			files = (
				2BB061152617AF9500DCD289 /* LaunchScreen.storyboard in Resources */,
				2BB061122617AF9500DCD289 /* Assets.xcassets in Resources */,
				2B1838282619397500418B2C /* GoogleService-Info.plist in Resources */,
				2BB061102617AF9100DCD289 /* Main.storyboard in Resources */,
			);
			runOnlyForDeploymentPostprocessing = 0;
		};
/* End PBXResourcesBuildPhase section */

/* Begin PBXShellScriptBuildPhase section */
		656B0F761C9DCB321BBCCA0D /* [CP] Check Pods Manifest.lock */ = {
			isa = PBXShellScriptBuildPhase;
			buildActionMask = 2147483647;
			files = (
			);
			inputFileListPaths = (
			);
			inputPaths = (
				"${PODS_PODFILE_DIR_PATH}/Podfile.lock",
				"${PODS_ROOT}/Manifest.lock",
			);
			name = "[CP] Check Pods Manifest.lock";
			outputFileListPaths = (
			);
			outputPaths = (
				"$(DERIVED_FILE_DIR)/Pods-HelloMessage-checkManifestLockResult.txt",
			);
			runOnlyForDeploymentPostprocessing = 0;
			shellPath = /bin/sh;
			shellScript = "diff \"${PODS_PODFILE_DIR_PATH}/Podfile.lock\" \"${PODS_ROOT}/Manifest.lock\" > /dev/null\nif [ $? != 0 ] ; then\n    # print error to STDERR\n    echo \"error: The sandbox is not in sync with the Podfile.lock. Run 'pod install' or update your CocoaPods installation.\" >&2\n    exit 1\nfi\n# This output is used by Xcode 'outputs' to avoid re-running this script phase.\necho \"SUCCESS\" > \"${SCRIPT_OUTPUT_FILE_0}\"\n";
			showEnvVarsInLog = 0;
		};
		AD2FC3B0D5F4CDF365697CB3 /* [CP] Embed Pods Frameworks */ = {
			isa = PBXShellScriptBuildPhase;
			buildActionMask = 2147483647;
			files = (
			);
			inputFileListPaths = (
				"${PODS_ROOT}/Target Support Files/Pods-HelloMessage/Pods-HelloMessage-frameworks-${CONFIGURATION}-input-files.xcfilelist",
			);
			name = "[CP] Embed Pods Frameworks";
			outputFileListPaths = (
				"${PODS_ROOT}/Target Support Files/Pods-HelloMessage/Pods-HelloMessage-frameworks-${CONFIGURATION}-output-files.xcfilelist",
			);
			runOnlyForDeploymentPostprocessing = 0;
			shellPath = /bin/sh;
			shellScript = "\"${PODS_ROOT}/Target Support Files/Pods-HelloMessage/Pods-HelloMessage-frameworks.sh\"\n";
			showEnvVarsInLog = 0;
		};
		EBF6ADAC7A4B46331B1E3778 /* [CP] Copy Pods Resources */ = {
			isa = PBXShellScriptBuildPhase;
			buildActionMask = 2147483647;
			files = (
			);
			inputFileListPaths = (
				"${PODS_ROOT}/Target Support Files/Pods-HelloMessage/Pods-HelloMessage-resources-${CONFIGURATION}-input-files.xcfilelist",
			);
			name = "[CP] Copy Pods Resources";
			outputFileListPaths = (
				"${PODS_ROOT}/Target Support Files/Pods-HelloMessage/Pods-HelloMessage-resources-${CONFIGURATION}-output-files.xcfilelist",
			);
			runOnlyForDeploymentPostprocessing = 0;
			shellPath = /bin/sh;
			shellScript = "\"${PODS_ROOT}/Target Support Files/Pods-HelloMessage/Pods-HelloMessage-resources.sh\"\n";
			showEnvVarsInLog = 0;
		};
/* End PBXShellScriptBuildPhase section */

/* Begin PBXSourcesBuildPhase section */
		2BB061012617AF9100DCD289 /* Sources */ = {
			isa = PBXSourcesBuildPhase;
			buildActionMask = 2147483647;
			files = (
				2BB061252617B3F400DCD289 /* LoginViewController.swift in Sources */,
				2B18382E26194C3200418B2C /* DatabaseManager.swift in Sources */,
				2BB061282617B40F00DCD289 /* RegisterViewController.swift in Sources */,
				2BB061312617BDA300DCD289 /* NewConversationViewController.swift in Sources */,
				2BB0610D2617AF9100DCD289 /* ConversationsViewController.swift in Sources */,
				2BB0612E2617B45B00DCD289 /* VideoPlayerViewController.swift in Sources */,
				2B1838142617DD1200418B2C /* Extensions.swift in Sources */,
				2BB061092617AF9100DCD289 /* AppDelegate.swift in Sources */,
				2BB061342617BDC000DCD289 /* ProfileViewController.swift in Sources */,
				2BB0610B2617AF9100DCD289 /* SceneDelegate.swift in Sources */,
				2B9C94F4261F563700B16312 /* ConversationTableViewCell.swift in Sources */,
				2BC9858F261CBAD2008C38C6 /* ChatViewController.swift in Sources */,
				2BB0612B2617B43900DCD289 /* PhotoViewerViewController.swift in Sources */,
				2BC985AE261CCDF8008C38C6 /* StorageManager.swift in Sources */,
			);
			runOnlyForDeploymentPostprocessing = 0;
		};
/* End PBXSourcesBuildPhase section */

/* Begin PBXVariantGroup section */
		2BB0610E2617AF9100DCD289 /* Main.storyboard */ = {
			isa = PBXVariantGroup;
			children = (
				2BB0610F2617AF9100DCD289 /* Base */,
			);
			name = Main.storyboard;
			sourceTree = "<group>";
		};
		2BB061132617AF9500DCD289 /* LaunchScreen.storyboard */ = {
			isa = PBXVariantGroup;
			children = (
				2BB061142617AF9500DCD289 /* Base */,
			);
			name = LaunchScreen.storyboard;
			sourceTree = "<group>";
		};
/* End PBXVariantGroup section */

/* Begin XCBuildConfiguration section */
		2BB061172617AF9500DCD289 /* Debug */ = {
			isa = XCBuildConfiguration;
			buildSettings = {
				ALWAYS_SEARCH_USER_PATHS = NO;
				CLANG_ANALYZER_NONNULL = YES;
				CLANG_ANALYZER_NUMBER_OBJECT_CONVERSION = YES_AGGRESSIVE;
				CLANG_CXX_LANGUAGE_STANDARD = "gnu++14";
				CLANG_CXX_LIBRARY = "libc++";
				CLANG_ENABLE_MODULES = YES;
				CLANG_ENABLE_OBJC_ARC = YES;
				CLANG_ENABLE_OBJC_WEAK = YES;
				CLANG_WARN_BLOCK_CAPTURE_AUTORELEASING = YES;
				CLANG_WARN_BOOL_CONVERSION = YES;
				CLANG_WARN_COMMA = YES;
				CLANG_WARN_CONSTANT_CONVERSION = YES;
				CLANG_WARN_DEPRECATED_OBJC_IMPLEMENTATIONS = YES;
				CLANG_WARN_DIRECT_OBJC_ISA_USAGE = YES_ERROR;
				CLANG_WARN_DOCUMENTATION_COMMENTS = YES;
				CLANG_WARN_EMPTY_BODY = YES;
				CLANG_WARN_ENUM_CONVERSION = YES;
				CLANG_WARN_INFINITE_RECURSION = YES;
				CLANG_WARN_INT_CONVERSION = YES;
				CLANG_WARN_NON_LITERAL_NULL_CONVERSION = YES;
				CLANG_WARN_OBJC_IMPLICIT_RETAIN_SELF = YES;
				CLANG_WARN_OBJC_LITERAL_CONVERSION = YES;
				CLANG_WARN_OBJC_ROOT_CLASS = YES_ERROR;
				CLANG_WARN_QUOTED_INCLUDE_IN_FRAMEWORK_HEADER = YES;
				CLANG_WARN_RANGE_LOOP_ANALYSIS = YES;
				CLANG_WARN_STRICT_PROTOTYPES = YES;
				CLANG_WARN_SUSPICIOUS_MOVE = YES;
				CLANG_WARN_UNGUARDED_AVAILABILITY = YES_AGGRESSIVE;
				CLANG_WARN_UNREACHABLE_CODE = YES;
				CLANG_WARN__DUPLICATE_METHOD_MATCH = YES;
				COPY_PHASE_STRIP = NO;
				DEBUG_INFORMATION_FORMAT = dwarf;
				ENABLE_STRICT_OBJC_MSGSEND = YES;
				ENABLE_TESTABILITY = YES;
				GCC_C_LANGUAGE_STANDARD = gnu11;
				GCC_DYNAMIC_NO_PIC = NO;
				GCC_NO_COMMON_BLOCKS = YES;
				GCC_OPTIMIZATION_LEVEL = 0;
				GCC_PREPROCESSOR_DEFINITIONS = (
					"DEBUG=1",
					"$(inherited)",
				);
				GCC_WARN_64_TO_32_BIT_CONVERSION = YES;
				GCC_WARN_ABOUT_RETURN_TYPE = YES_ERROR;
				GCC_WARN_UNDECLARED_SELECTOR = YES;
				GCC_WARN_UNINITIALIZED_AUTOS = YES_AGGRESSIVE;
				GCC_WARN_UNUSED_FUNCTION = YES;
				GCC_WARN_UNUSED_VARIABLE = YES;
				IPHONEOS_DEPLOYMENT_TARGET = 14.4;
				MTL_ENABLE_DEBUG_INFO = INCLUDE_SOURCE;
				MTL_FAST_MATH = YES;
				ONLY_ACTIVE_ARCH = YES;
				SDKROOT = iphoneos;
				SWIFT_ACTIVE_COMPILATION_CONDITIONS = DEBUG;
				SWIFT_OPTIMIZATION_LEVEL = "-Onone";
			};
			name = Debug;
		};
		2BB061182617AF9500DCD289 /* Release */ = {
			isa = XCBuildConfiguration;
			buildSettings = {
				ALWAYS_SEARCH_USER_PATHS = NO;
				CLANG_ANALYZER_NONNULL = YES;
				CLANG_ANALYZER_NUMBER_OBJECT_CONVERSION = YES_AGGRESSIVE;
				CLANG_CXX_LANGUAGE_STANDARD = "gnu++14";
				CLANG_CXX_LIBRARY = "libc++";
				CLANG_ENABLE_MODULES = YES;
				CLANG_ENABLE_OBJC_ARC = YES;
				CLANG_ENABLE_OBJC_WEAK = YES;
				CLANG_WARN_BLOCK_CAPTURE_AUTORELEASING = YES;
				CLANG_WARN_BOOL_CONVERSION = YES;
				CLANG_WARN_COMMA = YES;
				CLANG_WARN_CONSTANT_CONVERSION = YES;
				CLANG_WARN_DEPRECATED_OBJC_IMPLEMENTATIONS = YES;
				CLANG_WARN_DIRECT_OBJC_ISA_USAGE = YES_ERROR;
				CLANG_WARN_DOCUMENTATION_COMMENTS = YES;
				CLANG_WARN_EMPTY_BODY = YES;
				CLANG_WARN_ENUM_CONVERSION = YES;
				CLANG_WARN_INFINITE_RECURSION = YES;
				CLANG_WARN_INT_CONVERSION = YES;
				CLANG_WARN_NON_LITERAL_NULL_CONVERSION = YES;
				CLANG_WARN_OBJC_IMPLICIT_RETAIN_SELF = YES;
				CLANG_WARN_OBJC_LITERAL_CONVERSION = YES;
				CLANG_WARN_OBJC_ROOT_CLASS = YES_ERROR;
				CLANG_WARN_QUOTED_INCLUDE_IN_FRAMEWORK_HEADER = YES;
				CLANG_WARN_RANGE_LOOP_ANALYSIS = YES;
				CLANG_WARN_STRICT_PROTOTYPES = YES;
				CLANG_WARN_SUSPICIOUS_MOVE = YES;
				CLANG_WARN_UNGUARDED_AVAILABILITY = YES_AGGRESSIVE;
				CLANG_WARN_UNREACHABLE_CODE = YES;
				CLANG_WARN__DUPLICATE_METHOD_MATCH = YES;
				COPY_PHASE_STRIP = NO;
				DEBUG_INFORMATION_FORMAT = "dwarf-with-dsym";
				ENABLE_NS_ASSERTIONS = NO;
				ENABLE_STRICT_OBJC_MSGSEND = YES;
				GCC_C_LANGUAGE_STANDARD = gnu11;
				GCC_NO_COMMON_BLOCKS = YES;
				GCC_WARN_64_TO_32_BIT_CONVERSION = YES;
				GCC_WARN_ABOUT_RETURN_TYPE = YES_ERROR;
				GCC_WARN_UNDECLARED_SELECTOR = YES;
				GCC_WARN_UNINITIALIZED_AUTOS = YES_AGGRESSIVE;
				GCC_WARN_UNUSED_FUNCTION = YES;
				GCC_WARN_UNUSED_VARIABLE = YES;
				IPHONEOS_DEPLOYMENT_TARGET = 14.4;
				MTL_ENABLE_DEBUG_INFO = NO;
				MTL_FAST_MATH = YES;
				SDKROOT = iphoneos;
				SWIFT_COMPILATION_MODE = wholemodule;
				SWIFT_OPTIMIZATION_LEVEL = "-O";
				VALIDATE_PRODUCT = YES;
			};
			name = Release;
		};
		2BB0611A2617AF9500DCD289 /* Debug */ = {
			isa = XCBuildConfiguration;
			baseConfigurationReference = 69528DA66F1425661EE8C64A /* Pods-HelloMessage.debug.xcconfig */;
			buildSettings = {
				ASSETCATALOG_COMPILER_APPICON_NAME = AppIcon;
				ASSETCATALOG_COMPILER_GLOBAL_ACCENT_COLOR_NAME = AccentColor;
				CODE_SIGN_STYLE = Automatic;
				DEVELOPMENT_TEAM = KB82824ZMA;
				INFOPLIST_FILE = HelloMessage/Info.plist;
				LD_RUNPATH_SEARCH_PATHS = (
					"$(inherited)",
					"@executable_path/Frameworks",
				);
				PRODUCT_BUNDLE_IDENTIFIER = com.wesley.HelloMessage;
				PRODUCT_NAME = "$(TARGET_NAME)";
				SWIFT_VERSION = 5.0;
				TARGETED_DEVICE_FAMILY = "1,2";
			};
			name = Debug;
		};
		2BB0611B2617AF9500DCD289 /* Release */ = {
			isa = XCBuildConfiguration;
			baseConfigurationReference = 6A567991F6B2DB3E7779A8F9 /* Pods-HelloMessage.release.xcconfig */;
			buildSettings = {
				ASSETCATALOG_COMPILER_APPICON_NAME = AppIcon;
				ASSETCATALOG_COMPILER_GLOBAL_ACCENT_COLOR_NAME = AccentColor;
				CODE_SIGN_STYLE = Automatic;
				DEVELOPMENT_TEAM = KB82824ZMA;
				INFOPLIST_FILE = HelloMessage/Info.plist;
				LD_RUNPATH_SEARCH_PATHS = (
					"$(inherited)",
					"@executable_path/Frameworks",
				);
				PRODUCT_BUNDLE_IDENTIFIER = com.wesley.HelloMessage;
				PRODUCT_NAME = "$(TARGET_NAME)";
				SWIFT_VERSION = 5.0;
				TARGETED_DEVICE_FAMILY = "1,2";
			};
			name = Release;
		};
/* End XCBuildConfiguration section */

/* Begin XCConfigurationList section */
		2BB061002617AF9100DCD289 /* Build configuration list for PBXProject "HelloMessage" */ = {
			isa = XCConfigurationList;
			buildConfigurations = (
				2BB061172617AF9500DCD289 /* Debug */,
				2BB061182617AF9500DCD289 /* Release */,
			);
			defaultConfigurationIsVisible = 0;
			defaultConfigurationName = Release;
		};
		2BB061192617AF9500DCD289 /* Build configuration list for PBXNativeTarget "HelloMessage" */ = {
			isa = XCConfigurationList;
			buildConfigurations = (
				2BB0611A2617AF9500DCD289 /* Debug */,
				2BB0611B2617AF9500DCD289 /* Release */,
			);
			defaultConfigurationIsVisible = 0;
			defaultConfigurationName = Release;
		};
/* End XCConfigurationList section */
	};
	rootObject = 2BB060FD2617AF9100DCD289 /* Project object */;
}
